
Microsoft Visual Studio Solution File, Format Version 12.00
# Visual Studio Version 17
VisualStudioVersion = 17.0.31903.59
MinimumVisualStudioVersion = 10.0.40219.1
Project("{FAE04EC0-301F-11D3-BF4B-00C04F79EFBC}") = "W-03.Core", "W-03.Core\W-03.Core.csproj", "{BB3FF65C-25D1-4CAE-AB8F-4276DD32DA0A}"
EndProject
Project("{FAE04EC0-301F-11D3-BF4B-00C04F79EFBC}") = "W-03.Repository", "W-03.Repository\W-03.Repository.csproj", "{C691599A-D1CB-4EBA-8758-55FF4DE7B0D1}"
EndProject
Project("{FAE04EC0-301F-11D3-BF4B-00C04F79EFBC}") = "W-03.Service", "W-03.Service\W-03.Service.csproj", "{0375EE4C-C75F-4A26-9747-BB90038EDEF8}"
EndProject
Project("{FAE04EC0-301F-11D3-BF4B-00C04F79EFBC}") = "W-03.API", "W-03.API\W-03.API.csproj", "{3B7F1333-61EA-4CB5-93E0-2951B1CAC5EC}"
EndProject
Global
	GlobalSection(SolutionConfigurationPlatforms) = preSolution
		Debug|Any CPU = Debug|Any CPU
		Release|Any CPU = Release|Any CPU
	EndGlobalSection
	GlobalSection(ProjectConfigurationPlatforms) = postSolution
		{BB3FF65C-25D1-4CAE-AB8F-4276DD32DA0A}.Debug|Any CPU.ActiveCfg = Debug|Any CPU
		{BB3FF65C-25D1-4CAE-AB8F-4276DD32DA0A}.Debug|Any CPU.Build.0 = Debug|Any CPU
		{BB3FF65C-25D1-4CAE-AB8F-4276DD32DA0A}.Release|Any CPU.ActiveCfg = Release|Any CPU
		{BB3FF65C-25D1-4CAE-AB8F-4276DD32DA0A}.Release|Any CPU.Build.0 = Release|Any CPU
		{C691599A-D1CB-4EBA-8758-55FF4DE7B0D1}.Debug|Any CPU.ActiveCfg = Debug|Any CPU
		{C691599A-D1CB-4EBA-8758-55FF4DE7B0D1}.Debug|Any CPU.Build.0 = Debug|Any CPU
		{C691599A-D1CB-4EBA-8758-55FF4DE7B0D1}.Release|Any CPU.ActiveCfg = Release|Any CPU
		{C691599A-D1CB-4EBA-8758-55FF4DE7B0D1}.Release|Any CPU.Build.0 = Release|Any CPU
		{0375EE4C-C75F-4A26-9747-BB90038EDEF8}.Debug|Any CPU.ActiveCfg = Debug|Any CPU
		{0375EE4C-C75F-4A26-9747-BB90038EDEF8}.Debug|Any CPU.Build.0 = Debug|Any CPU
		{0375EE4C-C75F-4A26-9747-BB90038EDEF8}.Release|Any CPU.ActiveCfg = Release|Any CPU
		{0375EE4C-C75F-4A26-9747-BB90038EDEF8}.Release|Any CPU.Build.0 = Release|Any CPU
		{3B7F1333-61EA-4CB5-93E0-2951B1CAC5EC}.Debug|Any CPU.ActiveCfg = Debug|Any CPU
		{3B7F1333-61EA-4CB5-93E0-2951B1CAC5EC}.Debug|Any CPU.Build.0 = Debug|Any CPU
		{3B7F1333-61EA-4CB5-93E0-2951B1CAC5EC}.Release|Any CPU.ActiveCfg = Release|Any CPU
		{3B7F1333-61EA-4CB5-93E0-2951B1CAC5EC}.Release|Any CPU.Build.0 = Release|Any CPU
	EndGlobalSection
	GlobalSection(SolutionProperties) = preSolution
		HideSolutionNode = FALSE
	EndGlobalSection
	GlobalSection(ExtensibilityGlobals) = postSolution
		SolutionGuid = {21D0FE00-5F2A-451A-9166-3DB2A5C5377A}
	EndGlobalSection
EndGlobal
